
Microsoft Visual Studio Solution File, Format Version 12.00
# Visual Studio Version 17
VisualStudioVersion = 17.10.34916.146
MinimumVisualStudioVersion = 10.0.40219.1
Project("{FAE04EC0-301F-11D3-BF4B-00C04F79EFBC}") = "POSWeb.App", "POSWeb.App\POSWeb.App.csproj", "{517B6F34-05A4-422B-9E64-DE8F16E51241}"
EndProject
Global
	GlobalSection(SolutionConfigurationPlatforms) = preSolution
		Debug|Any CPU = Debug|Any CPU
		Release|Any CPU = Release|Any CPU
	EndGlobalSection
	GlobalSection(ProjectConfigurationPlatforms) = postSolution
		{517B6F34-05A4-422B-9E64-DE8F16E51241}.Debug|Any CPU.ActiveCfg = Debug|Any CPU
		{517B6F34-05A4-422B-9E64-DE8F16E51241}.Debug|Any CPU.Build.0 = Debug|Any CPU
		{517B6F34-05A4-422B-9E64-DE8F16E51241}.Release|Any CPU.ActiveCfg = Release|Any CPU
		{517B6F34-05A4-422B-9E64-DE8F16E51241}.Release|Any CPU.Build.0 = Release|Any CPU
	EndGlobalSection
	GlobalSection(SolutionProperties) = preSolution
		HideSolutionNode = FALSE
	EndGlobalSection
	GlobalSection(ExtensibilityGlobals) = postSolution
		SolutionGuid = {03D4460C-C6BC-454F-A654-40EE1EE16942}
	EndGlobalSection
EndGlobal
